<?xml version="1.0" encoding="utf-8"?>
<Project ToolsVersion="4.0" xmlns="http://schemas.microsoft.com/developer/msbuild/2003">
  <ItemGroup>
    <Filter Include="源文件">
      <UniqueIdentifier>{4FC737F1-C7A5-4376-A066-2A32D752A2FF}</UniqueIdentifier>
      <Extensions>cpp;c;cc;cxx;c++;cppm;ixx;def;odl;idl;hpj;bat;asm;asmx</Extensions>
    </Filter>
    <Filter Include="头文件">
      <UniqueIdentifier>{93995380-89BD-4b04-88EB-625FBE52EBFB}</UniqueIdentifier>
      <Extensions>h;hh;hpp;hxx;h++;hm;inl;inc;ipp;xsd</Extensions>
    </Filter>
    <Filter Include="资源文件">
      <UniqueIdentifier>{67DA6AB6-F800-4c08-8B7A-83BB121AAD01}</UniqueIdentifier>
      <Extensions>rc;ico;cur;bmp;dlg;rc2;rct;bin;rgs;gif;jpg;jpeg;jpe;resx;tiff;tif;png;wav;mfcribbon-ms</Extensions>
    </Filter>
  </ItemGroup>
  <ItemGroup>
    <ClCompile Include="MainProgram.cpp">
      <Filter>源文件</Filter>
    </ClCompile>
  </ItemGroup>
  <ItemGroup>
    <ClInclude Include="resource.h">
      <Filter>头文件</Filter>
    </ClInclude>
  </ItemGroup>
  <ItemGroup>
    <ResourceCompile Include="StudentManagementSystem.rc">
      <Filter>资源文件</Filter>
    </ResourceCompile>
  </ItemGroup>
  <ItemGroup>
    <Image Include="res\logo.ico">
      <Filter>资源文件</Filter>
    </Image>
    <Image Include="res\登录方式.png">
      <Filter>资源文件</Filter>
    </Image>
    <Image Include="res\欢迎界面.png">
      <Filter>资源文件</Filter>
    </Image>
    <Image Include="res\教师登录.PNG">
      <Filter>资源文件</Filter>
    </Image>
    <Image Include="res\教师主菜单.PNG">
      <Filter>资源文件</Filter>
    </Image>
    <Image Include="res\查找学生信息.PNG">
      <Filter>资源文件</Filter>
    </Image>
    <Image Include="res\录入学生信息.PNG">
      <Filter>资源文件</Filter>
    </Image>
    <Image Include="res\删除学生信息.PNG">
      <Filter>资源文件</Filter>
    </Image>
    <Image Include="res\修改学生信息.PNG">
      <Filter>资源文件</Filter>
    </Image>
    <Image Include="res\处理学生信息.PNG">
      <Filter>资源文件</Filter>
    </Image>
    <Image Include="res\退出界面.png">
      <Filter>资源文件</Filter>
    </Image>
    <Image Include="res\学生主菜单.PNG">
      <Filter>资源文件</Filter>
    </Image>
    <Image Include="res\学生登录.PNG">
      <Filter>资源文件</Filter>
    </Image>
    <Image Include="res\成绩单.png">
      <Filter>资源文件</Filter>
    </Image>
    <Image Include="res\选择排序科目.png">
      <Filter>资源文件</Filter>
    </Image>
    <Image Include="res\分析成绩.png">
      <Filter>资源文件</Filter>
    </Image>
  </ItemGroup>
</Project>