
Microsoft Visual Studio Solution File, Format Version 12.00
# Visual Studio Version 16
VisualStudioVersion = 16.0.30523.141
MinimumVisualStudioVersion = 10.0.40219.1
Project("{8BC9CEB8-8B4A-11D0-8D11-00A0C91BC942}") = "StudentManagementSystem", "StudentManagementSystem.vcxproj", "{00B9470A-68E8-4BFB-8B27-8876B5C15D1D}"
EndProject
Global
	GlobalSection(SolutionConfigurationPlatforms) = preSolution
		Debug|x64 = Debug|x64
		Debug|x86 = Debug|x86
		Release|x64 = Release|x64
		Release|x86 = Release|x86
	EndGlobalSection
	GlobalSection(ProjectConfigurationPlatforms) = postSolution
		{00B9470A-68E8-4BFB-8B27-8876B5C15D1D}.Debug|x64.ActiveCfg = Debug|x64
		{00B9470A-68E8-4BFB-8B27-8876B5C15D1D}.Debug|x64.Build.0 = Debug|x64
		{00B9470A-68E8-4BFB-8B27-8876B5C15D1D}.Debug|x86.ActiveCfg = Debug|Win32
		{00B9470A-68E8-4BFB-8B27-8876B5C15D1D}.Debug|x86.Build.0 = Debug|Win32
		{00B9470A-68E8-4BFB-8B27-8876B5C15D1D}.Release|x64.ActiveCfg = Release|x64
		{00B9470A-68E8-4BFB-8B27-8876B5C15D1D}.Release|x64.Build.0 = Release|x64
		{00B9470A-68E8-4BFB-8B27-8876B5C15D1D}.Release|x86.ActiveCfg = Release|Win32
		{00B9470A-68E8-4BFB-8B27-8876B5C15D1D}.Release|x86.Build.0 = Release|Win32
	EndGlobalSection
	GlobalSection(SolutionProperties) = preSolution
		HideSolutionNode = FALSE
	EndGlobalSection
	GlobalSection(ExtensibilityGlobals) = postSolution
		SolutionGuid = {316DF53A-454F-4A1B-A73B-5A8A3F6D82A5}
	EndGlobalSection
EndGlobal
